
Microsoft Visual Studio Solution File, Format Version 12.00
# Visual Studio Version 16
VisualStudioVersion = 16.0.32802.440
MinimumVisualStudioVersion = 10.0.40219.1
Project("{FAE04EC0-301F-11D3-BF4B-00C04F79EFBC}") = "AnimalMarkeManagementSystem", "AnimalMarkeManagementSystem\AnimalMarkeManagementSystem.csproj", "{6520388B-1545-4036-BB5D-48C29E4EF357}"
EndProject
Global
	GlobalSection(SolutionConfigurationPlatforms) = preSolution
		Debug|Any CPU = Debug|Any CPU
		Release|Any CPU = Release|Any CPU
	EndGlobalSection
	GlobalSection(ProjectConfigurationPlatforms) = postSolution
		{6520388B-1545-4036-BB5D-48C29E4EF357}.Debug|Any CPU.ActiveCfg = Debug|Any CPU
		{6520388B-1545-4036-BB5D-48C29E4EF357}.Debug|Any CPU.Build.0 = Debug|Any CPU
		{6520388B-1545-4036-BB5D-48C29E4EF357}.Release|Any CPU.ActiveCfg = Release|Any CPU
		{6520388B-1545-4036-BB5D-48C29E4EF357}.Release|Any CPU.Build.0 = Release|Any CPU
	EndGlobalSection
	GlobalSection(SolutionProperties) = preSolution
		HideSolutionNode = FALSE
	EndGlobalSection
	GlobalSection(ExtensibilityGlobals) = postSolution
		SolutionGuid = {655B77EC-FF4F-4F3D-AD26-598ABBF6E209}
	EndGlobalSection
EndGlobal
